
Microsoft Visual Studio Solution File, Format Version 12.00
# Visual Studio Version 16
VisualStudioVersion = 16.0.30114.105
MinimumVisualStudioVersion = 10.0.40219.1
Project("{FAE04EC0-301F-11D3-BF4B-00C04F79EFBC}") = "PasswordManager", "PasswordManager\PasswordManager.csproj", "{90D152EE-B7CF-42B9-8C27-AEF7A7F8ED7D}"
EndProject
Project("{FAE04EC0-301F-11D3-BF4B-00C04F79EFBC}") = "PasswordManager.Tests", "PasswordManager.Tests\PasswordManager.Tests.csproj", "{7C83093C-E2A9-4B87-8F67-D5D59DB21962}"
EndProject
Global
	GlobalSection(SolutionConfigurationPlatforms) = preSolution
		Debug|Any CPU = Debug|Any CPU
		Release|Any CPU = Release|Any CPU
	EndGlobalSection
	GlobalSection(SolutionProperties) = preSolution
		HideSolutionNode = FALSE
	EndGlobalSection
	GlobalSection(ProjectConfigurationPlatforms) = postSolution
		{90D152EE-B7CF-42B9-8C27-AEF7A7F8ED7D}.Debug|Any CPU.ActiveCfg = Debug|Any CPU
		{90D152EE-B7CF-42B9-8C27-AEF7A7F8ED7D}.Debug|Any CPU.Build.0 = Debug|Any CPU
		{90D152EE-B7CF-42B9-8C27-AEF7A7F8ED7D}.Release|Any CPU.ActiveCfg = Release|Any CPU
		{90D152EE-B7CF-42B9-8C27-AEF7A7F8ED7D}.Release|Any CPU.Build.0 = Release|Any CPU
		{7C83093C-E2A9-4B87-8F67-D5D59DB21962}.Debug|Any CPU.ActiveCfg = Debug|Any CPU
		{7C83093C-E2A9-4B87-8F67-D5D59DB21962}.Debug|Any CPU.Build.0 = Debug|Any CPU
		{7C83093C-E2A9-4B87-8F67-D5D59DB21962}.Release|Any CPU.ActiveCfg = Release|Any CPU
		{7C83093C-E2A9-4B87-8F67-D5D59DB21962}.Release|Any CPU.Build.0 = Release|Any CPU
	EndGlobalSection
EndGlobal
